
Microsoft Visual Studio Solution File, Format Version 12.00
# Visual Studio Version 17
VisualStudioVersion = 17.5.33318.248
MinimumVisualStudioVersion = 10.0.40219.1
Project("{FAE04EC0-301F-11D3-BF4B-00C04F79EFBC}") = "ODS.Web", "ODS.Web\ODS.Web.csproj", "{E42ED1A2-A372-409B-ABB9-0611A52B68AB}"
EndProject
Global
	GlobalSection(SolutionConfigurationPlatforms) = preSolution
		Debug|Any CPU = Debug|Any CPU
		Release|Any CPU = Release|Any CPU
	EndGlobalSection
	GlobalSection(ProjectConfigurationPlatforms) = postSolution
		{E42ED1A2-A372-409B-ABB9-0611A52B68AB}.Debug|Any CPU.ActiveCfg = Debug|Any CPU
		{E42ED1A2-A372-409B-ABB9-0611A52B68AB}.Debug|Any CPU.Build.0 = Debug|Any CPU
		{E42ED1A2-A372-409B-ABB9-0611A52B68AB}.Release|Any CPU.ActiveCfg = Release|Any CPU
		{E42ED1A2-A372-409B-ABB9-0611A52B68AB}.Release|Any CPU.Build.0 = Release|Any CPU
	EndGlobalSection
	GlobalSection(SolutionProperties) = preSolution
		HideSolutionNode = FALSE
	EndGlobalSection
	GlobalSection(ExtensibilityGlobals) = postSolution
		SolutionGuid = {09D6CE31-EA1B-4EC1-94E0-FCA2D489E2DE}
	EndGlobalSection
EndGlobal
